
Microsoft Visual Studio Solution File, Format Version 12.00
# Visual Studio Version 17
VisualStudioVersion = 17.10.35004.147
MinimumVisualStudioVersion = 10.0.40219.1
Project("{FAE04EC0-301F-11D3-BF4B-00C04F79EFBC}") = "addressbook-web-tests", "addressbook-web-tests\addressbook-web-tests.csproj", "{995D4852-B205-4798-9561-04EA10A55076}"
EndProject
Project("{FAE04EC0-301F-11D3-BF4B-00C04F79EFBC}") = "addressbook-test-data-generators", "addressbook-test-data-generators\addressbook-test-data-generators.csproj", "{F965C6F7-D64C-40E3-9975-7554219A6776}"
	ProjectSection(ProjectDependencies) = postProject
		{995D4852-B205-4798-9561-04EA10A55076} = {995D4852-B205-4798-9561-04EA10A55076}
	EndProjectSection
EndProject
Global
	GlobalSection(SolutionConfigurationPlatforms) = preSolution
		Debug|Any CPU = Debug|Any CPU
		Release|Any CPU = Release|Any CPU
	EndGlobalSection
	GlobalSection(ProjectConfigurationPlatforms) = postSolution
		{995D4852-B205-4798-9561-04EA10A55076}.Debug|Any CPU.ActiveCfg = Debug|Any CPU
		{995D4852-B205-4798-9561-04EA10A55076}.Debug|Any CPU.Build.0 = Debug|Any CPU
		{995D4852-B205-4798-9561-04EA10A55076}.Release|Any CPU.ActiveCfg = Release|Any CPU
		{995D4852-B205-4798-9561-04EA10A55076}.Release|Any CPU.Build.0 = Release|Any CPU
		{F965C6F7-D64C-40E3-9975-7554219A6776}.Debug|Any CPU.ActiveCfg = Debug|Any CPU
		{F965C6F7-D64C-40E3-9975-7554219A6776}.Debug|Any CPU.Build.0 = Debug|Any CPU
		{F965C6F7-D64C-40E3-9975-7554219A6776}.Release|Any CPU.ActiveCfg = Release|Any CPU
		{F965C6F7-D64C-40E3-9975-7554219A6776}.Release|Any CPU.Build.0 = Release|Any CPU
	EndGlobalSection
	GlobalSection(SolutionProperties) = preSolution
		HideSolutionNode = FALSE
	EndGlobalSection
	GlobalSection(ExtensibilityGlobals) = postSolution
		SolutionGuid = {3CACDEE6-F4DD-4159-B114-1649415C142A}
	EndGlobalSection
EndGlobal
