
Microsoft Visual Studio Solution File, Format Version 12.00
# Visual Studio Version 17
VisualStudioVersion = 17.10.35004.147
MinimumVisualStudioVersion = 10.0.40219.1
Project("{FAE04EC0-301F-11D3-BF4B-00C04F79EFBC}") = "addressbook_tests_autoit", "addressbook_tests_autoit\addressbook_tests_autoit.csproj", "{04D3145E-0D92-4F15-AA86-4AE6BBD56236}"
EndProject
Global
	GlobalSection(SolutionConfigurationPlatforms) = preSolution
		Debug|Any CPU = Debug|Any CPU
		Release|Any CPU = Release|Any CPU
	EndGlobalSection
	GlobalSection(ProjectConfigurationPlatforms) = postSolution
		{04D3145E-0D92-4F15-AA86-4AE6BBD56236}.Debug|Any CPU.ActiveCfg = Debug|Any CPU
		{04D3145E-0D92-4F15-AA86-4AE6BBD56236}.Debug|Any CPU.Build.0 = Debug|Any CPU
		{04D3145E-0D92-4F15-AA86-4AE6BBD56236}.Release|Any CPU.ActiveCfg = Release|Any CPU
		{04D3145E-0D92-4F15-AA86-4AE6BBD56236}.Release|Any CPU.Build.0 = Release|Any CPU
	EndGlobalSection
	GlobalSection(SolutionProperties) = preSolution
		HideSolutionNode = FALSE
	EndGlobalSection
	GlobalSection(ExtensibilityGlobals) = postSolution
		SolutionGuid = {6A646C75-5AA1-4BF8-A6E9-B90E4685CEE8}
	EndGlobalSection
EndGlobal
